
Microsoft Visual Studio Solution File, Format Version 12.00
Project("{FAE04EC0-301F-11D3-BF4B-00C04F79EFBC}") = "BudgetApp", "BudgetApp\BudgetApp.csproj", "{DC7D002F-8D14-445A-81F0-E7731B6DDCC1}"
EndProject
Global
	GlobalSection(SolutionConfigurationPlatforms) = preSolution
		Debug|Any CPU = Debug|Any CPU
		Release|Any CPU = Release|Any CPU
	EndGlobalSection
	GlobalSection(ProjectConfigurationPlatforms) = postSolution
		{DC7D002F-8D14-445A-81F0-E7731B6DDCC1}.Debug|Any CPU.ActiveCfg = Debug|Any CPU
		{DC7D002F-8D14-445A-81F0-E7731B6DDCC1}.Debug|Any CPU.Build.0 = Debug|Any CPU
		{DC7D002F-8D14-445A-81F0-E7731B6DDCC1}.Release|Any CPU.ActiveCfg = Release|Any CPU
		{DC7D002F-8D14-445A-81F0-E7731B6DDCC1}.Release|Any CPU.Build.0 = Release|Any CPU
	EndGlobalSection
EndGlobal
